
Microsoft Visual Studio Solution File, Format Version 12.00
# Visual Studio 2013
VisualStudioVersion = 12.0.31101.0
MinimumVisualStudioVersion = 10.0.40219.1
Project("{FAE04EC0-301F-11D3-BF4B-00C04F79EFBC}") = "ImgTuiGuang", "ImgTuiGuang\ImgTuiGuang.csproj", "{47F85DF3-16D0-4009-BD2C-82B1D4DE2B4E}"
EndProject
Project("{FAE04EC0-301F-11D3-BF4B-00C04F79EFBC}") = "WeChatTools.Core", "WeChatTools.Core\WeChatTools.Core.csproj", "{C5F32FC8-4863-437A-AC5C-80D94B6354C4}"
EndProject
Project("{FAE04EC0-301F-11D3-BF4B-00C04F79EFBC}") = "BrowserAPK", "BrowserAPK\BrowserAPK.csproj", "{5AC8582F-FF1A-42A8-BD0B-FFFEB12B7F66}"
EndProject
Project("{FAE04EC0-301F-11D3-BF4B-00C04F79EFBC}") = "ImgTuiGuang2", "ImgTuiGuang2\ImgTuiGuang2.csproj", "{9BD5F87B-F0C7-421D-A6CA-29BC01DCEFC3}"
EndProject
Global
	GlobalSection(SolutionConfigurationPlatforms) = preSolution
		Debug|Any CPU = Debug|Any CPU
		Release|Any CPU = Release|Any CPU
	EndGlobalSection
	GlobalSection(ProjectConfigurationPlatforms) = postSolution
		{47F85DF3-16D0-4009-BD2C-82B1D4DE2B4E}.Debug|Any CPU.ActiveCfg = Debug|Any CPU
		{47F85DF3-16D0-4009-BD2C-82B1D4DE2B4E}.Debug|Any CPU.Build.0 = Debug|Any CPU
		{47F85DF3-16D0-4009-BD2C-82B1D4DE2B4E}.Release|Any CPU.ActiveCfg = Release|Any CPU
		{47F85DF3-16D0-4009-BD2C-82B1D4DE2B4E}.Release|Any CPU.Build.0 = Release|Any CPU
		{C5F32FC8-4863-437A-AC5C-80D94B6354C4}.Debug|Any CPU.ActiveCfg = Debug|Any CPU
		{C5F32FC8-4863-437A-AC5C-80D94B6354C4}.Debug|Any CPU.Build.0 = Debug|Any CPU
		{C5F32FC8-4863-437A-AC5C-80D94B6354C4}.Release|Any CPU.ActiveCfg = Release|Any CPU
		{C5F32FC8-4863-437A-AC5C-80D94B6354C4}.Release|Any CPU.Build.0 = Release|Any CPU
		{5AC8582F-FF1A-42A8-BD0B-FFFEB12B7F66}.Debug|Any CPU.ActiveCfg = Debug|Any CPU
		{5AC8582F-FF1A-42A8-BD0B-FFFEB12B7F66}.Debug|Any CPU.Build.0 = Debug|Any CPU
		{5AC8582F-FF1A-42A8-BD0B-FFFEB12B7F66}.Release|Any CPU.ActiveCfg = Release|Any CPU
		{5AC8582F-FF1A-42A8-BD0B-FFFEB12B7F66}.Release|Any CPU.Build.0 = Release|Any CPU
		{9BD5F87B-F0C7-421D-A6CA-29BC01DCEFC3}.Debug|Any CPU.ActiveCfg = Debug|Any CPU
		{9BD5F87B-F0C7-421D-A6CA-29BC01DCEFC3}.Debug|Any CPU.Build.0 = Debug|Any CPU
		{9BD5F87B-F0C7-421D-A6CA-29BC01DCEFC3}.Release|Any CPU.ActiveCfg = Release|Any CPU
		{9BD5F87B-F0C7-421D-A6CA-29BC01DCEFC3}.Release|Any CPU.Build.0 = Release|Any CPU
	EndGlobalSection
	GlobalSection(SolutionProperties) = preSolution
		HideSolutionNode = FALSE
	EndGlobalSection
EndGlobal
